
Microsoft Visual Studio Solution File, Format Version 12.00
# Visual Studio Version 16
VisualStudioVersion = 16.0.31005.135
MinimumVisualStudioVersion = 10.0.40219.1
Project("{FAE04EC0-301F-11D3-BF4B-00C04F79EFBC}") = "ProjectWeekVincent", "ProjectWeekVincent\ProjectWeekVincent.csproj", "{C803E30A-23AB-4E31-8A1C-DFC023EA7CA9}"
EndProject
Project("{FAE04EC0-301F-11D3-BF4B-00C04F79EFBC}") = "Testing", "Testing\Testing.csproj", "{C194873A-8FDB-453F-8BF0-852640CE99F4}"
EndProject
Global
	GlobalSection(SolutionConfigurationPlatforms) = preSolution
		Debug|Any CPU = Debug|Any CPU
		Release|Any CPU = Release|Any CPU
	EndGlobalSection
	GlobalSection(ProjectConfigurationPlatforms) = postSolution
		{C803E30A-23AB-4E31-8A1C-DFC023EA7CA9}.Debug|Any CPU.ActiveCfg = Debug|Any CPU
		{C803E30A-23AB-4E31-8A1C-DFC023EA7CA9}.Debug|Any CPU.Build.0 = Debug|Any CPU
		{C803E30A-23AB-4E31-8A1C-DFC023EA7CA9}.Release|Any CPU.ActiveCfg = Release|Any CPU
		{C803E30A-23AB-4E31-8A1C-DFC023EA7CA9}.Release|Any CPU.Build.0 = Release|Any CPU
		{C194873A-8FDB-453F-8BF0-852640CE99F4}.Debug|Any CPU.ActiveCfg = Debug|Any CPU
		{C194873A-8FDB-453F-8BF0-852640CE99F4}.Debug|Any CPU.Build.0 = Debug|Any CPU
		{C194873A-8FDB-453F-8BF0-852640CE99F4}.Release|Any CPU.ActiveCfg = Release|Any CPU
		{C194873A-8FDB-453F-8BF0-852640CE99F4}.Release|Any CPU.Build.0 = Release|Any CPU
	EndGlobalSection
	GlobalSection(SolutionProperties) = preSolution
		HideSolutionNode = FALSE
	EndGlobalSection
	GlobalSection(ExtensibilityGlobals) = postSolution
		SolutionGuid = {F8D3889D-4305-43D5-B1B9-ABB870262E89}
	EndGlobalSection
EndGlobal
